
Microsoft Visual Studio Solution File, Format Version 12.00
# Visual Studio Version 17
VisualStudioVersion = 17.14.36221.1 d17.14
MinimumVisualStudioVersion = 10.0.40219.1
Project("{FAE04EC0-301F-11D3-BF4B-00C04F79EFBC}") = "Transacciones", "Transacciones.csproj", "{433BF7FA-315D-4B12-B836-BF41063E2A28}"
EndProject
Global
	GlobalSection(SolutionConfigurationPlatforms) = preSolution
		Debug|Any CPU = Debug|Any CPU
		Release|Any CPU = Release|Any CPU
	EndGlobalSection
	GlobalSection(ProjectConfigurationPlatforms) = postSolution
		{433BF7FA-315D-4B12-B836-BF41063E2A28}.Debug|Any CPU.ActiveCfg = Debug|Any CPU
		{433BF7FA-315D-4B12-B836-BF41063E2A28}.Debug|Any CPU.Build.0 = Debug|Any CPU
		{433BF7FA-315D-4B12-B836-BF41063E2A28}.Release|Any CPU.ActiveCfg = Release|Any CPU
		{433BF7FA-315D-4B12-B836-BF41063E2A28}.Release|Any CPU.Build.0 = Release|Any CPU
	EndGlobalSection
	GlobalSection(SolutionProperties) = preSolution
		HideSolutionNode = FALSE
	EndGlobalSection
	GlobalSection(ExtensibilityGlobals) = postSolution
		SolutionGuid = {C4E2787F-2B21-4032-9DEA-30C3AAA8E820}
	EndGlobalSection
EndGlobal
